Microsoft Visual Studio Solution File, Format Version 12.00
# Visual Studio Version 17
VisualStudioVersion = 17.5.2.0
MinimumVisualStudioVersion = 10.0.40219.1
Project("{FAE04EC0-301F-11D3-BF4B-00C04F79EFBC}") = "MyApp", "avalonia\MyApp.csproj", "{88125FCD-0700-DCAD-7C9B-9A14BD0AAF05}"
EndProject
Global
	GlobalSection(SolutionConfigurationPlatforms) = preSolution
		Debug|Any CPU = Debug|Any CPU
		Release|Any CPU = Release|Any CPU
	EndGlobalSection
	GlobalSection(ProjectConfigurationPlatforms) = postSolution
		{88125FCD-0700-DCAD-7C9B-9A14BD0AAF05}.Debug|Any CPU.ActiveCfg = Debug|Any CPU
		{88125FCD-0700-DCAD-7C9B-9A14BD0AAF05}.Debug|Any CPU.Build.0 = Debug|Any CPU
		{88125FCD-0700-DCAD-7C9B-9A14BD0AAF05}.Release|Any CPU.ActiveCfg = Release|Any CPU
		{88125FCD-0700-DCAD-7C9B-9A14BD0AAF05}.Release|Any CPU.Build.0 = Release|Any CPU
	EndGlobalSection
	GlobalSection(SolutionProperties) = preSolution
		HideSolutionNode = FALSE
	EndGlobalSection
	GlobalSection(ExtensibilityGlobals) = postSolution
		SolutionGuid = {8D754E63-3140-451C-8F84-80AF7DEFF69B}
	EndGlobalSection
EndGlobal
